PODS:
  - Firebase (2.2.2)
  - JSQMessagesViewController (7.1.0):
    - JSQSystemSoundPlayer (~> 2.0.1)
  - JSQSystemSoundPlayer (2.0.1)

DEPENDENCIES:
  - Firebase (~> 2.2.0)
  - JSQMessagesViewController (~> 7.1)

SPEC CHECKSUMS:
  Firebase: e35cdd2561bf4fea9c1e384e9400a9c173d19e47
  JSQMessagesViewController: ca11f86fa68ca70835f05e169df9244147c1dc40
  JSQSystemSoundPlayer: c5850e77a4363ffd374cd851154b9af93264ed8d

COCOAPODS: 0.38.0
